
Microsoft Visual Studio Solution File, Format Version 11.00
# Visual Studio 2010
Project("{FAE04EC0-301F-11D3-BF4B-00C04F79EFBC}") = "CoreAudio", "CoreAudio\CoreAudio.csproj", "{2222E8D7-6130-4B46-9749-474E3FE2891B}"
EndProject
Project("{FAE04EC0-301F-11D3-BF4B-00C04F79EFBC}") = "CoreAudioTests", "CoreAudioTests\CoreAudioTests.csproj", "{40A8F7EA-C45A-487B-B6E0-BC151827E8C4}"
EndProject
Project("{2150E333-8FDC-42A3-9474-1A3956D46DE8}") = "Solution Items", "Solution Items", "{93C71651-B113-4672-A9B2-862A8F7AF5D4}"
	ProjectSection(SolutionItems) = preProject
		CoreAudio.vsmdi = CoreAudio.vsmdi
	EndProjectSection
EndProject
Global
	GlobalSection(TestCaseManagementSettings) = postSolution
		CategoryFile = CoreAudio.vsmdi
	EndGlobalSection
	GlobalSection(SolutionConfigurationPlatforms) = preSolution
		Debug|Any CPU = Debug|Any CPU
		Release|Any CPU = Release|Any CPU
	EndGlobalSection
	GlobalSection(ProjectConfigurationPlatforms) = postSolution
		{2222E8D7-6130-4B46-9749-474E3FE2891B}.Debug|Any CPU.ActiveCfg = Debug|Any CPU
		{2222E8D7-6130-4B46-9749-474E3FE2891B}.Debug|Any CPU.Build.0 = Debug|Any CPU
		{2222E8D7-6130-4B46-9749-474E3FE2891B}.Release|Any CPU.ActiveCfg = Release|Any CPU
		{2222E8D7-6130-4B46-9749-474E3FE2891B}.Release|Any CPU.Build.0 = Release|Any CPU
		{40A8F7EA-C45A-487B-B6E0-BC151827E8C4}.Debug|Any CPU.ActiveCfg = Debug|Any CPU
		{40A8F7EA-C45A-487B-B6E0-BC151827E8C4}.Debug|Any CPU.Build.0 = Debug|Any CPU
		{40A8F7EA-C45A-487B-B6E0-BC151827E8C4}.Release|Any CPU.ActiveCfg = Release|Any CPU
		{40A8F7EA-C45A-487B-B6E0-BC151827E8C4}.Release|Any CPU.Build.0 = Release|Any CPU
	EndGlobalSection
	GlobalSection(SolutionProperties) = preSolution
		HideSolutionNode = FALSE
	EndGlobalSection
EndGlobal
